
Microsoft Visual Studio Solution File, Format Version 12.00
# Visual Studio Version 17
VisualStudioVersion = 17.1.32407.343
MinimumVisualStudioVersion = 10.0.40219.1
Project("{FAE04EC0-301F-11D3-BF4B-00C04F79EFBC}") = "P01", "P01\P01.csproj", "{A76FDB47-6CE0-44FC-9BEA-1D2F52797015}"
EndProject
Project("{FAE04EC0-301F-11D3-BF4B-00C04F79EFBC}") = "P02", "P02\P02.csproj", "{1E395EAF-98D4-4102-BF9E-7B608FCCEE7E}"
EndProject
Project("{FAE04EC0-301F-11D3-BF4B-00C04F79EFBC}") = "P03", "P03\P03.csproj", "{B64BEA06-1DE8-4BDA-9572-D873888BF571}"
EndProject
Project("{9A19103F-16F7-4668-BE54-9A1E7A4F7556}") = "PosloupnostUtil", "PosloupnostUtil\PosloupnostUtil.csproj", "{FEB6B13A-9BD9-403F-A44C-5AAD355403EC}"
EndProject
Project("{9A19103F-16F7-4668-BE54-9A1E7A4F7556}") = "PoleUtil", "PoleUtil\PoleUtil.csproj", "{8EE651B0-C568-45BE-81DB-FB3BD2607D6E}"
EndProject
Project("{FAE04EC0-301F-11D3-BF4B-00C04F79EFBC}") = "P04", "P04\P04.csproj", "{3068622F-B5AE-4E29-AAA4-DDB9DE6F09A0}"
EndProject
Project("{9A19103F-16F7-4668-BE54-9A1E7A4F7556}") = "MatematikaUtil", "MatematikaUtil\MatematikaUtil.csproj", "{2108639E-DCE0-4378-B15E-B3E517089533}"
EndProject
Project("{FAE04EC0-301F-11D3-BF4B-00C04F79EFBC}") = "P05", "P05\P05.csproj", "{BDDFDF5B-2EB6-4F44-9832-2D7C65186487}"
EndProject
Project("{9A19103F-16F7-4668-BE54-9A1E7A4F7556}") = "RetezecUtil", "RetezecUtil\RetezecUtil.csproj", "{8E74EA13-B1F7-440E-ABC9-482B8EC4F00B}"
EndProject
Project("{FAE04EC0-301F-11D3-BF4B-00C04F79EFBC}") = "P06", "P06\P06.csproj", "{3D2F2230-DAEA-44E5-9AF0-320B997E427C}"
EndProject
Project("{FAE04EC0-301F-11D3-BF4B-00C04F79EFBC}") = "P07", "P07\P07.csproj", "{6AF446D6-EE85-4F17-966F-B2F41D30FCB1}"
EndProject
Project("{FAE04EC0-301F-11D3-BF4B-00C04F79EFBC}") = "P08", "P08\P08.csproj", "{F720D942-D04F-409B-A305-7C164D1EF47A}"
EndProject
Global
	GlobalSection(SolutionConfigurationPlatforms) = preSolution
		Debug|Any CPU = Debug|Any CPU
		Release|Any CPU = Release|Any CPU
	EndGlobalSection
	GlobalSection(ProjectConfigurationPlatforms) = postSolution
		{A76FDB47-6CE0-44FC-9BEA-1D2F52797015}.Debug|Any CPU.ActiveCfg = Debug|Any CPU
		{A76FDB47-6CE0-44FC-9BEA-1D2F52797015}.Debug|Any CPU.Build.0 = Debug|Any CPU
		{A76FDB47-6CE0-44FC-9BEA-1D2F52797015}.Release|Any CPU.ActiveCfg = Release|Any CPU
		{A76FDB47-6CE0-44FC-9BEA-1D2F52797015}.Release|Any CPU.Build.0 = Release|Any CPU
		{1E395EAF-98D4-4102-BF9E-7B608FCCEE7E}.Debug|Any CPU.ActiveCfg = Debug|Any CPU
		{1E395EAF-98D4-4102-BF9E-7B608FCCEE7E}.Debug|Any CPU.Build.0 = Debug|Any CPU
		{1E395EAF-98D4-4102-BF9E-7B608FCCEE7E}.Release|Any CPU.ActiveCfg = Release|Any CPU
		{1E395EAF-98D4-4102-BF9E-7B608FCCEE7E}.Release|Any CPU.Build.0 = Release|Any CPU
		{B64BEA06-1DE8-4BDA-9572-D873888BF571}.Debug|Any CPU.ActiveCfg = Debug|Any CPU
		{B64BEA06-1DE8-4BDA-9572-D873888BF571}.Debug|Any CPU.Build.0 = Debug|Any CPU
		{B64BEA06-1DE8-4BDA-9572-D873888BF571}.Release|Any CPU.ActiveCfg = Release|Any CPU
		{B64BEA06-1DE8-4BDA-9572-D873888BF571}.Release|Any CPU.Build.0 = Release|Any CPU
		{FEB6B13A-9BD9-403F-A44C-5AAD355403EC}.Debug|Any CPU.ActiveCfg = Debug|Any CPU
		{FEB6B13A-9BD9-403F-A44C-5AAD355403EC}.Debug|Any CPU.Build.0 = Debug|Any CPU
		{FEB6B13A-9BD9-403F-A44C-5AAD355403EC}.Release|Any CPU.ActiveCfg = Release|Any CPU
		{FEB6B13A-9BD9-403F-A44C-5AAD355403EC}.Release|Any CPU.Build.0 = Release|Any CPU
		{8EE651B0-C568-45BE-81DB-FB3BD2607D6E}.Debug|Any CPU.ActiveCfg = Debug|Any CPU
		{8EE651B0-C568-45BE-81DB-FB3BD2607D6E}.Debug|Any CPU.Build.0 = Debug|Any CPU
		{8EE651B0-C568-45BE-81DB-FB3BD2607D6E}.Release|Any CPU.ActiveCfg = Release|Any CPU
		{8EE651B0-C568-45BE-81DB-FB3BD2607D6E}.Release|Any CPU.Build.0 = Release|Any CPU
		{3068622F-B5AE-4E29-AAA4-DDB9DE6F09A0}.Debug|Any CPU.ActiveCfg = Debug|Any CPU
		{3068622F-B5AE-4E29-AAA4-DDB9DE6F09A0}.Debug|Any CPU.Build.0 = Debug|Any CPU
		{3068622F-B5AE-4E29-AAA4-DDB9DE6F09A0}.Release|Any CPU.ActiveCfg = Release|Any CPU
		{3068622F-B5AE-4E29-AAA4-DDB9DE6F09A0}.Release|Any CPU.Build.0 = Release|Any CPU
		{2108639E-DCE0-4378-B15E-B3E517089533}.Debug|Any CPU.ActiveCfg = Debug|Any CPU
		{2108639E-DCE0-4378-B15E-B3E517089533}.Debug|Any CPU.Build.0 = Debug|Any CPU
		{2108639E-DCE0-4378-B15E-B3E517089533}.Release|Any CPU.ActiveCfg = Release|Any CPU
		{2108639E-DCE0-4378-B15E-B3E517089533}.Release|Any CPU.Build.0 = Release|Any CPU
		{BDDFDF5B-2EB6-4F44-9832-2D7C65186487}.Debug|Any CPU.ActiveCfg = Debug|Any CPU
		{BDDFDF5B-2EB6-4F44-9832-2D7C65186487}.Debug|Any CPU.Build.0 = Debug|Any CPU
		{BDDFDF5B-2EB6-4F44-9832-2D7C65186487}.Release|Any CPU.ActiveCfg = Release|Any CPU
		{BDDFDF5B-2EB6-4F44-9832-2D7C65186487}.Release|Any CPU.Build.0 = Release|Any CPU
		{8E74EA13-B1F7-440E-ABC9-482B8EC4F00B}.Debug|Any CPU.ActiveCfg = Debug|Any CPU
		{8E74EA13-B1F7-440E-ABC9-482B8EC4F00B}.Debug|Any CPU.Build.0 = Debug|Any CPU
		{8E74EA13-B1F7-440E-ABC9-482B8EC4F00B}.Release|Any CPU.ActiveCfg = Release|Any CPU
		{8E74EA13-B1F7-440E-ABC9-482B8EC4F00B}.Release|Any CPU.Build.0 = Release|Any CPU
		{3D2F2230-DAEA-44E5-9AF0-320B997E427C}.Debug|Any CPU.ActiveCfg = Debug|Any CPU
		{3D2F2230-DAEA-44E5-9AF0-320B997E427C}.Debug|Any CPU.Build.0 = Debug|Any CPU
		{3D2F2230-DAEA-44E5-9AF0-320B997E427C}.Release|Any CPU.ActiveCfg = Release|Any CPU
		{3D2F2230-DAEA-44E5-9AF0-320B997E427C}.Release|Any CPU.Build.0 = Release|Any CPU
		{6AF446D6-EE85-4F17-966F-B2F41D30FCB1}.Debug|Any CPU.ActiveCfg = Debug|Any CPU
		{6AF446D6-EE85-4F17-966F-B2F41D30FCB1}.Debug|Any CPU.Build.0 = Debug|Any CPU
		{6AF446D6-EE85-4F17-966F-B2F41D30FCB1}.Release|Any CPU.ActiveCfg = Release|Any CPU
		{6AF446D6-EE85-4F17-966F-B2F41D30FCB1}.Release|Any CPU.Build.0 = Release|Any CPU
		{F720D942-D04F-409B-A305-7C164D1EF47A}.Debug|Any CPU.ActiveCfg = Debug|Any CPU
		{F720D942-D04F-409B-A305-7C164D1EF47A}.Debug|Any CPU.Build.0 = Debug|Any CPU
		{F720D942-D04F-409B-A305-7C164D1EF47A}.Release|Any CPU.ActiveCfg = Release|Any CPU
		{F720D942-D04F-409B-A305-7C164D1EF47A}.Release|Any CPU.Build.0 = Release|Any CPU
	EndGlobalSection
	GlobalSection(SolutionProperties) = preSolution
		HideSolutionNode = FALSE
	EndGlobalSection
	GlobalSection(ExtensibilityGlobals) = postSolution
		SolutionGuid = {39C599DC-345F-44DF-BA0C-11408848285C}
	EndGlobalSection
EndGlobal
