
Microsoft Visual Studio Solution File, Format Version 12.00
# Visual Studio Version 16
VisualStudioVersion = 16.0.30413.136
MinimumVisualStudioVersion = 10.0.40219.1
Project("{FAE04EC0-301F-11D3-BF4B-00C04F79EFBC}") = "P01", "P01\P01.csproj", "{A76FDB47-6CE0-44FC-9BEA-1D2F52797015}"
EndProject
Project("{FAE04EC0-301F-11D3-BF4B-00C04F79EFBC}") = "P02", "P02\P02.csproj", "{1E395EAF-98D4-4102-BF9E-7B608FCCEE7E}"
EndProject
Project("{FAE04EC0-301F-11D3-BF4B-00C04F79EFBC}") = "P03", "P03\P03.csproj", "{B64BEA06-1DE8-4BDA-9572-D873888BF571}"
EndProject
Project("{FAE04EC0-301F-11D3-BF4B-00C04F79EFBC}") = "PosloupnostUtil", "PosloupnostUtil\PosloupnostUtil.csproj", "{FEB6B13A-9BD9-403F-A44C-5AAD355403EC}"
EndProject
Global
	GlobalSection(SolutionConfigurationPlatforms) = preSolution
		Debug|Any CPU = Debug|Any CPU
		Release|Any CPU = Release|Any CPU
	EndGlobalSection
	GlobalSection(ProjectConfigurationPlatforms) = postSolution
		{A76FDB47-6CE0-44FC-9BEA-1D2F52797015}.Debug|Any CPU.ActiveCfg = Debug|Any CPU
		{A76FDB47-6CE0-44FC-9BEA-1D2F52797015}.Debug|Any CPU.Build.0 = Debug|Any CPU
		{A76FDB47-6CE0-44FC-9BEA-1D2F52797015}.Release|Any CPU.ActiveCfg = Release|Any CPU
		{A76FDB47-6CE0-44FC-9BEA-1D2F52797015}.Release|Any CPU.Build.0 = Release|Any CPU
		{1E395EAF-98D4-4102-BF9E-7B608FCCEE7E}.Debug|Any CPU.ActiveCfg = Debug|Any CPU
		{1E395EAF-98D4-4102-BF9E-7B608FCCEE7E}.Debug|Any CPU.Build.0 = Debug|Any CPU
		{1E395EAF-98D4-4102-BF9E-7B608FCCEE7E}.Release|Any CPU.ActiveCfg = Release|Any CPU
		{1E395EAF-98D4-4102-BF9E-7B608FCCEE7E}.Release|Any CPU.Build.0 = Release|Any CPU
		{B64BEA06-1DE8-4BDA-9572-D873888BF571}.Debug|Any CPU.ActiveCfg = Debug|Any CPU
		{B64BEA06-1DE8-4BDA-9572-D873888BF571}.Debug|Any CPU.Build.0 = Debug|Any CPU
		{B64BEA06-1DE8-4BDA-9572-D873888BF571}.Release|Any CPU.ActiveCfg = Release|Any CPU
		{B64BEA06-1DE8-4BDA-9572-D873888BF571}.Release|Any CPU.Build.0 = Release|Any CPU
		{FEB6B13A-9BD9-403F-A44C-5AAD355403EC}.Debug|Any CPU.ActiveCfg = Debug|Any CPU
		{FEB6B13A-9BD9-403F-A44C-5AAD355403EC}.Debug|Any CPU.Build.0 = Debug|Any CPU
		{FEB6B13A-9BD9-403F-A44C-5AAD355403EC}.Release|Any CPU.ActiveCfg = Release|Any CPU
		{FEB6B13A-9BD9-403F-A44C-5AAD355403EC}.Release|Any CPU.Build.0 = Release|Any CPU
	EndGlobalSection
	GlobalSection(SolutionProperties) = preSolution
		HideSolutionNode = FALSE
	EndGlobalSection
	GlobalSection(ExtensibilityGlobals) = postSolution
		SolutionGuid = {39C599DC-345F-44DF-BA0C-11408848285C}
	EndGlobalSection
EndGlobal
